// !$*UTF8*$!
{
	archiveVersion = 1;
	classes = {
	};
	objectVersion = 46;
	objects = {

/* Begin PBXBuildFile section */
		8E413CDD1E9CAEE3008CCD08 /* AppDelegate.swift in Sources */ = {isa = PBXBuildFile; fileRef = 8E413CDC1E9CAEE3008CCD08 /* AppDelegate.swift */; };
		8E413CDF1E9CAEE3008CCD08 /* ViewController.swift in Sources */ = {isa = PBXBuildFile; fileRef = 8E413CDE1E9CAEE3008CCD08 /* ViewController.swift */; };
		8E413CE21E9CAEE3008CCD08 /* Main.storyboard in Resources */ = {isa = PBXBuildFile; fileRef = 8E413CE01E9CAEE3008CCD08 /* Main.storyboard */; };
		8E413CE41E9CAEE3008CCD08 /* Assets.xcassets in Resources */ = {isa = PBXBuildFile; fileRef = 8E413CE31E9CAEE3008CCD08 /* Assets.xcassets */; };
		8E413CE71E9CAEE3008CCD08 /* LaunchScreen.storyboard in Resources */ = {isa = PBXBuildFile; fileRef = 8E413CE51E9CAEE3008CCD08 /* LaunchScreen.storyboard */; };
		8E413CF21E9CAEE3008CCD08 /* ZPickerViewTests.swift in Sources */ = {isa = PBXBuildFile; fileRef = 8E413CF11E9CAEE3008CCD08 /* ZPickerViewTests.swift */; };
		8E413CFD1E9CAEE3008CCD08 /* ZPickerViewUITests.swift in Sources */ = {isa = PBXBuildFile; fileRef = 8E413CFC1E9CAEE3008CCD08 /* ZPickerViewUITests.swift */; };
		8E413D0B1E9CAEFB008CCD08 /* CommonView.swift in Sources */ = {isa = PBXBuildFile; fileRef = 8E413D0A1E9CAEFB008CCD08 /* CommonView.swift */; };
/* End PBXBuildFile section */

/* Begin PBXContainerItemProxy section */
		8E413CEE1E9CAEE3008CCD08 /* PBXContainerItemProxy */ = {
			isa = PBXContainerItemProxy;
			containerPortal = 8E413CD11E9CAEE3008CCD08 /* Project object */;
			proxyType = 1;
			remoteGlobalIDString = 8E413CD81E9CAEE3008CCD08;
			remoteInfo = ZPickerView;
		};
		8E413CF91E9CAEE3008CCD08 /* PBXContainerItemProxy */ = {
			isa = PBXContainerItemProxy;
			containerPortal = 8E413CD11E9CAEE3008CCD08 /* Project object */;
			proxyType = 1;
			remoteGlobalIDString = 8E413CD81E9CAEE3008CCD08;
			remoteInfo = ZPickerView;
		};
/* End PBXContainerItemProxy section */

/* Begin PBXFileReference section */
		8E413CD91E9CAEE3008CCD08 /* ZPickerView.app */ = {isa = PBXFileReference; explicitFileType = wrapper.application; includeInIndex = 0; path = ZPickerView.app; sourceTree = BUILT_PRODUCTS_DIR; };
		8E413CDC1E9CAEE3008CCD08 /* AppDelegate.swift */ = {isa = PBXFileReference; lastKnownFileType = sourcecode.swift; path = AppDelegate.swift; sourceTree = "<group>"; };
		8E413CDE1E9CAEE3008CCD08 /* ViewController.swift */ = {isa = PBXFileReference; lastKnownFileType = sourcecode.swift; path = ViewController.swift; sourceTree = "<group>"; };
		8E413CE11E9CAEE3008CCD08 /* Base */ = {isa = PBXFileReference; lastKnownFileType = file.storyboard; name = Base; path = Base.lproj/Main.storyboard; sourceTree = "<group>"; };
		8E413CE31E9CAEE3008CCD08 /* Assets.xcassets */ = {isa = PBXFileReference; lastKnownFileType = folder.assetcatalog; path = Assets.xcassets; sourceTree = "<group>"; };
		8E413CE61E9CAEE3008CCD08 /* Base */ = {isa = PBXFileReference; lastKnownFileType = file.storyboard; name = Base; path = Base.lproj/LaunchScreen.storyboard; sourceTree = "<group>"; };
		8E413CE81E9CAEE3008CCD08 /* Info.plist */ = {isa = PBXFileReference; lastKnownFileType = text.plist.xml; path = Info.plist; sourceTree = "<group>"; };
		8E413CED1E9CAEE3008CCD08 /* ZPickerViewTests.xctest */ = {isa = PBXFileReference; explicitFileType = wrapper.cfbundle; includeInIndex = 0; path = ZPickerViewTests.xctest; sourceTree = BUILT_PRODUCTS_DIR; };
		8E413CF11E9CAEE3008CCD08 /* ZPickerViewTests.swift */ = {isa = PBXFileReference; lastKnownFileType = sourcecode.swift; path = ZPickerViewTests.swift; sourceTree = "<group>"; };
		8E413CF31E9CAEE3008CCD08 /* Info.plist */ = {isa = PBXFileReference; lastKnownFileType = text.plist.xml; path = Info.plist; sourceTree = "<group>"; };
		8E413CF81E9CAEE3008CCD08 /* ZPickerViewUITests.xctest */ = {isa = PBXFileReference; explicitFileType = wrapper.cfbundle; includeInIndex = 0; path = ZPickerViewUITests.xctest; sourceTree = BUILT_PRODUCTS_DIR; };
		8E413CFC1E9CAEE3008CCD08 /* ZPickerViewUITests.swift */ = {isa = PBXFileReference; lastKnownFileType = sourcecode.swift; path = ZPickerViewUITests.swift; sourceTree = "<group>"; };
		8E413CFE1E9CAEE3008CCD08 /* Info.plist */ = {isa = PBXFileReference; lastKnownFileType = text.plist.xml; path = Info.plist; sourceTree = "<group>"; };
		8E413D0A1E9CAEFB008CCD08 /* CommonView.swift */ = {isa = PBXFileReference; fileEncoding = 4; lastKnownFileType = sourcecode.swift; path = CommonView.swift; sourceTree = "<group>"; };
/* End PBXFileReference section */

/* Begin PBXFrameworksBuildPhase section */
		8E413CD61E9CAEE3008CCD08 /* Frameworks */ = {
			isa = PBXFrameworksBuildPhase;
			buildActionMask = 2147483647;
			files = (
			);
			runOnlyForDeploymentPostprocessing = 0;
		};
		8E413CEA1E9CAEE3008CCD08 /* Frameworks */ = {
			isa = PBXFrameworksBuildPhase;
			buildActionMask = 2147483647;
			files = (
			);
			runOnlyForDeploymentPostprocessing = 0;
		};
		8E413CF51E9CAEE3008CCD08 /* Frameworks */ = {
			isa = PBXFrameworksBuildPhase;
			buildActionMask = 2147483647;
			files = (
			);
			runOnlyForDeploymentPostprocessing = 0;
		};
/* End PBXFrameworksBuildPhase section */

/* Begin PBXGroup section */
		8E413CD01E9CAEE3008CCD08 = {
			isa = PBXGroup;
			children = (
				8E413CDB1E9CAEE3008CCD08 /* ZPickerView */,
				8E413CF01E9CAEE3008CCD08 /* ZPickerViewTests */,
				8E413CFB1E9CAEE3008CCD08 /* ZPickerViewUITests */,
				8E413CDA1E9CAEE3008CCD08 /* Products */,
			);
			sourceTree = "<group>";
		};
		8E413CDA1E9CAEE3008CCD08 /* Products */ = {
			isa = PBXGroup;
			children = (
				8E413CD91E9CAEE3008CCD08 /* ZPickerView.app */,
				8E413CED1E9CAEE3008CCD08 /* ZPickerViewTests.xctest */,
				8E413CF81E9CAEE3008CCD08 /* ZPickerViewUITests.xctest */,
			);
			name = Products;
			sourceTree = "<group>";
		};
		8E413CDB1E9CAEE3008CCD08 /* ZPickerView */ = {
			isa = PBXGroup;
			children = (
				8E413CDC1E9CAEE3008CCD08 /* AppDelegate.swift */,
				8E413CDE1E9CAEE3008CCD08 /* ViewController.swift */,
				8E413D0A1E9CAEFB008CCD08 /* CommonView.swift */,
				8E413CE01E9CAEE3008CCD08 /* Main.storyboard */,
				8E413CE31E9CAEE3008CCD08 /* Assets.xcassets */,
				8E413CE51E9CAEE3008CCD08 /* LaunchScreen.storyboard */,
				8E413CE81E9CAEE3008CCD08 /* Info.plist */,
			);
			path = ZPickerView;
			sourceTree = "<group>";
		};
		8E413CF01E9CAEE3008CCD08 /* ZPickerViewTests */ = {
			isa = PBXGroup;
			children = (
				8E413CF11E9CAEE3008CCD08 /* ZPickerViewTests.swift */,
				8E413CF31E9CAEE3008CCD08 /* Info.plist */,
			);
			path = ZPickerViewTests;
			sourceTree = "<group>";
		};
		8E413CFB1E9CAEE3008CCD08 /* ZPickerViewUITests */ = {
			isa = PBXGroup;
			children = (
				8E413CFC1E9CAEE3008CCD08 /* ZPickerViewUITests.swift */,
				8E413CFE1E9CAEE3008CCD08 /* Info.plist */,
			);
			path = ZPickerViewUITests;
			sourceTree = "<group>";
		};
/* End PBXGroup section */

/* Begin PBXNativeTarget section */
		8E413CD81E9CAEE3008CCD08 /* ZPickerView */ = {
			isa = PBXNativeTarget;
			buildConfigurationList = 8E413D011E9CAEE3008CCD08 /* Build configuration list for PBXNativeTarget "ZPickerView" */;
			buildPhases = (
				8E413CD51E9CAEE3008CCD08 /* Sources */,
				8E413CD61E9CAEE3008CCD08 /* Frameworks */,
				8E413CD71E9CAEE3008CCD08 /* Resources */,
			);
			buildRules = (
			);
			dependencies = (
			);
			name = ZPickerView;
			productName = ZPickerView;
			productReference = 8E413CD91E9CAEE3008CCD08 /* ZPickerView.app */;
			productType = "com.apple.product-type.application";
		};
		8E413CEC1E9CAEE3008CCD08 /* ZPickerViewTests */ = {
			isa = PBXNativeTarget;
			buildConfigurationList = 8E413D041E9CAEE3008CCD08 /* Build configuration list for PBXNativeTarget "ZPickerViewTests" */;
			buildPhases = (
				8E413CE91E9CAEE3008CCD08 /* Sources */,
				8E413CEA1E9CAEE3008CCD08 /* Frameworks */,
				8E413CEB1E9CAEE3008CCD08 /* Resources */,
			);
			buildRules = (
			);
			dependencies = (
				8E413CEF1E9CAEE3008CCD08 /* PBXTargetDependency */,
			);
			name = ZPickerViewTests;
			productName = ZPickerViewTests;
			productReference = 8E413CED1E9CAEE3008CCD08 /* ZPickerViewTests.xctest */;
			productType = "com.apple.product-type.bundle.unit-test";
		};
		8E413CF71E9CAEE3008CCD08 /* ZPickerViewUITests */ = {
			isa = PBXNativeTarget;
			buildConfigurationList = 8E413D071E9CAEE3008CCD08 /* Build configuration list for PBXNativeTarget "ZPickerViewUITests" */;
			buildPhases = (
				8E413CF41E9CAEE3008CCD08 /* Sources */,
				8E413CF51E9CAEE3008CCD08 /* Frameworks */,
				8E413CF61E9CAEE3008CCD08 /* Resources */,
			);
			buildRules = (
			);
			dependencies = (
				8E413CFA1E9CAEE3008CCD08 /* PBXTargetDependency */,
			);
			name = ZPickerViewUITests;
			productName = ZPickerViewUITests;
			productReference = 8E413CF81E9CAEE3008CCD08 /* ZPickerViewUITests.xctest */;
			productType = "com.apple.product-type.bundle.ui-testing";
		};
/* End PBXNativeTarget section */

/* Begin PBXProject section */
		8E413CD11E9CAEE3008CCD08 /* Project object */ = {
			isa = PBXProject;
			attributes = {
				LastSwiftUpdateCheck = 0830;
				LastUpgradeCheck = 0830;
				ORGANIZATIONNAME = admin;
				TargetAttributes = {
					8E413CD81E9CAEE3008CCD08 = {
						CreatedOnToolsVersion = 8.3.1;
						ProvisioningStyle = Automatic;
					};
					8E413CEC1E9CAEE3008CCD08 = {
						CreatedOnToolsVersion = 8.3.1;
						ProvisioningStyle = Automatic;
						TestTargetID = 8E413CD81E9CAEE3008CCD08;
					};
					8E413CF71E9CAEE3008CCD08 = {
						CreatedOnToolsVersion = 8.3.1;
						ProvisioningStyle = Automatic;
						TestTargetID = 8E413CD81E9CAEE3008CCD08;
					};
				};
			};
			buildConfigurationList = 8E413CD41E9CAEE3008CCD08 /* Build configuration list for PBXProject "ZPickerView" */;
			compatibilityVersion = "Xcode 3.2";
			developmentRegion = English;
			hasScannedForEncodings = 0;
			knownRegions = (
				en,
				Base,
			);
			mainGroup = 8E413CD01E9CAEE3008CCD08;
			productRefGroup = 8E413CDA1E9CAEE3008CCD08 /* Products */;
			projectDirPath = "";
			projectRoot = "";
			targets = (
				8E413CD81E9CAEE3008CCD08 /* ZPickerView */,
				8E413CEC1E9CAEE3008CCD08 /* ZPickerViewTests */,
				8E413CF71E9CAEE3008CCD08 /* ZPickerViewUITests */,
			);
		};
/* End PBXProject section */

/* Begin PBXResourcesBuildPhase section */
		8E413CD71E9CAEE3008CCD08 /* Resources */ = {
			isa = PBXResourcesBuildPhase;
			buildActionMask = 2147483647;
			files = (
				8E413CE71E9CAEE3008CCD08 /* LaunchScreen.storyboard in Resources */,
				8E413CE41E9CAEE3008CCD08 /* Assets.xcassets in Resources */,
				8E413CE21E9CAEE3008CCD08 /* Main.storyboard in Resources */,
			);
			runOnlyForDeploymentPostprocessing = 0;
		};
		8E413CEB1E9CAEE3008CCD08 /* Resources */ = {
			isa = PBXResourcesBuildPhase;
			buildActionMask = 2147483647;
			files = (
			);
			runOnlyForDeploymentPostprocessing = 0;
		};
		8E413CF61E9CAEE3008CCD08 /* Resources */ = {
			isa = PBXResourcesBuildPhase;
			buildActionMask = 2147483647;
			files = (
			);
			runOnlyForDeploymentPostprocessing = 0;
		};
/* End PBXResourcesBuildPhase section */

/* Begin PBXSourcesBuildPhase section */
		8E413CD51E9CAEE3008CCD08 /* Sources */ = {
			isa = PBXSourcesBuildPhase;
			buildActionMask = 2147483647;
			files = (
				8E413CDF1E9CAEE3008CCD08 /* ViewController.swift in Sources */,
				8E413CDD1E9CAEE3008CCD08 /* AppDelegate.swift in Sources */,
				8E413D0B1E9CAEFB008CCD08 /* CommonView.swift in Sources */,
			);
			runOnlyForDeploymentPostprocessing = 0;
		};
		8E413CE91E9CAEE3008CCD08 /* Sources */ = {
			isa = PBXSourcesBuildPhase;
			buildActionMask = 2147483647;
			files = (
				8E413CF21E9CAEE3008CCD08 /* ZPickerViewTests.swift in Sources */,
			);
			runOnlyForDeploymentPostprocessing = 0;
		};
		8E413CF41E9CAEE3008CCD08 /* Sources */ = {
			isa = PBXSourcesBuildPhase;
			buildActionMask = 2147483647;
			files = (
				8E413CFD1E9CAEE3008CCD08 /* ZPickerViewUITests.swift in Sources */,
			);
			runOnlyForDeploymentPostprocessing = 0;
		};
/* End PBXSourcesBuildPhase section */

/* Begin PBXTargetDependency section */
		8E413CEF1E9CAEE3008CCD08 /* PBXTargetDependency */ = {
			isa = PBXTargetDependency;
			target = 8E413CD81E9CAEE3008CCD08 /* ZPickerView */;
			targetProxy = 8E413CEE1E9CAEE3008CCD08 /* PBXContainerItemProxy */;
		};
		8E413CFA1E9CAEE3008CCD08 /* PBXTargetDependency */ = {
			isa = PBXTargetDependency;
			target = 8E413CD81E9CAEE3008CCD08 /* ZPickerView */;
			targetProxy = 8E413CF91E9CAEE3008CCD08 /* PBXContainerItemProxy */;
		};
/* End PBXTargetDependency section */

/* Begin PBXVariantGroup section */
		8E413CE01E9CAEE3008CCD08 /* Main.storyboard */ = {
			isa = PBXVariantGroup;
			children = (
				8E413CE11E9CAEE3008CCD08 /* Base */,
			);
			name = Main.storyboard;
			sourceTree = "<group>";
		};
		8E413CE51E9CAEE3008CCD08 /* LaunchScreen.storyboard */ = {
			isa = PBXVariantGroup;
			children = (
				8E413CE61E9CAEE3008CCD08 /* Base */,
			);
			name = LaunchScreen.storyboard;
			sourceTree = "<group>";
		};
/* End PBXVariantGroup section */

/* Begin XCBuildConfiguration section */
		8E413CFF1E9CAEE3008CCD08 /* Debug */ = {
			isa = XCBuildConfiguration;
			buildSettings = {
				ALWAYS_SEARCH_USER_PATHS = NO;
				CLANG_ANALYZER_NONNULL = YES;
				CLANG_ANALYZER_NUMBER_OBJECT_CONVERSION = YES_AGGRESSIVE;
				CLANG_CXX_LANGUAGE_STANDARD = "gnu++0x";
				CLANG_CXX_LIBRARY = "libc++";
				CLANG_ENABLE_MODULES = YES;
				CLANG_ENABLE_OBJC_ARC = YES;
				CLANG_WARN_BOOL_CONVERSION = YES;
				CLANG_WARN_CONSTANT_CONVERSION = YES;
				CLANG_WARN_DIRECT_OBJC_ISA_USAGE = YES_ERROR;
				CLANG_WARN_DOCUMENTATION_COMMENTS = YES;
				CLANG_WARN_EMPTY_BODY = YES;
				CLANG_WARN_ENUM_CONVERSION = YES;
				CLANG_WARN_INFINITE_RECURSION = YES;
				CLANG_WARN_INT_CONVERSION = YES;
				CLANG_WARN_OBJC_ROOT_CLASS = YES_ERROR;
				CLANG_WARN_SUSPICIOUS_MOVE = YES;
				CLANG_WARN_UNREACHABLE_CODE = YES;
				CLANG_WARN__DUPLICATE_METHOD_MATCH = YES;
				"CODE_SIGN_IDENTITY[sdk=iphoneos*]" = "iPhone Developer";
				COPY_PHASE_STRIP = NO;
				DEBUG_INFORMATION_FORMAT = dwarf;
				ENABLE_STRICT_OBJC_MSGSEND = YES;
				ENABLE_TESTABILITY = YES;
				GCC_C_LANGUAGE_STANDARD = gnu99;
				GCC_DYNAMIC_NO_PIC = NO;
				GCC_NO_COMMON_BLOCKS = YES;
				GCC_OPTIMIZATION_LEVEL = 0;
				GCC_PREPROCESSOR_DEFINITIONS = (
					"DEBUG=1",
					"$(inherited)",
				);
				GCC_WARN_64_TO_32_BIT_CONVERSION = YES;
				GCC_WARN_ABOUT_RETURN_TYPE = YES_ERROR;
				GCC_WARN_UNDECLARED_SELECTOR = YES;
				GCC_WARN_UNINITIALIZED_AUTOS = YES_AGGRESSIVE;
				GCC_WARN_UNUSED_FUNCTION = YES;
				GCC_WARN_UNUSED_VARIABLE = YES;
				IPHONEOS_DEPLOYMENT_TARGET = 10.3;
				MTL_ENABLE_DEBUG_INFO = YES;
				ONLY_ACTIVE_ARCH = YES;
				SDKROOT = iphoneos;
				SWIFT_ACTIVE_COMPILATION_CONDITIONS = DEBUG;
				SWIFT_OPTIMIZATION_LEVEL = "-Onone";
				TARGETED_DEVICE_FAMILY = "1,2";
			};
			name = Debug;
		};
		8E413D001E9CAEE3008CCD08 /* Release */ = {
			isa = XCBuildConfiguration;
			buildSettings = {
				ALWAYS_SEARCH_USER_PATHS = NO;
				CLANG_ANALYZER_NONNULL = YES;
				CLANG_ANALYZER_NUMBER_OBJECT_CONVERSION = YES_AGGRESSIVE;
				CLANG_CXX_LANGUAGE_STANDARD = "gnu++0x";
				CLANG_CXX_LIBRARY = "libc++";
				CLANG_ENABLE_MODULES = YES;
				CLANG_ENABLE_OBJC_ARC = YES;
				CLANG_WARN_BOOL_CONVERSION = YES;
				CLANG_WARN_CONSTANT_CONVERSION = YES;
				CLANG_WARN_DIRECT_OBJC_ISA_USAGE = YES_ERROR;
				CLANG_WARN_DOCUMENTATION_COMMENTS = YES;
				CLANG_WARN_EMPTY_BODY = YES;
				CLANG_WARN_ENUM_CONVERSION = YES;
				CLANG_WARN_INFINITE_RECURSION = YES;
				CLANG_WARN_INT_CONVERSION = YES;
				CLANG_WARN_OBJC_ROOT_CLASS = YES_ERROR;
				CLANG_WARN_SUSPICIOUS_MOVE = YES;
				CLANG_WARN_UNREACHABLE_CODE = YES;
				CLANG_WARN__DUPLICATE_METHOD_MATCH = YES;
				"CODE_SIGN_IDENTITY[sdk=iphoneos*]" = "iPhone Developer";
				COPY_PHASE_STRIP = NO;
				DEBUG_INFORMATION_FORMAT = "dwarf-with-dsym";
				ENABLE_NS_ASSERTIONS = NO;
				ENABLE_STRICT_OBJC_MSGSEND = YES;
				GCC_C_LANGUAGE_STANDARD = gnu99;
				GCC_NO_COMMON_BLOCKS = YES;
				GCC_WARN_64_TO_32_BIT_CONVERSION = YES;
				GCC_WARN_ABOUT_RETURN_TYPE = YES_ERROR;
				GCC_WARN_UNDECLARED_SELECTOR = YES;
				GCC_WARN_UNINITIALIZED_AUTOS = YES_AGGRESSIVE;
				GCC_WARN_UNUSED_FUNCTION = YES;
				GCC_WARN_UNUSED_VARIABLE = YES;
				IPHONEOS_DEPLOYMENT_TARGET = 10.3;
				MTL_ENABLE_DEBUG_INFO = NO;
				SDKROOT = iphoneos;
				SWIFT_OPTIMIZATION_LEVEL = "-Owholemodule";
				TARGETED_DEVICE_FAMILY = "1,2";
				VALIDATE_PRODUCT = YES;
			};
			name = Release;
		};
		8E413D021E9CAEE3008CCD08 /* Debug */ = {
			isa = XCBuildConfiguration;
			buildSettings = {
				ASSETCATALOG_COMPILER_APPICON_NAME = AppIcon;
				INFOPLIST_FILE = ZPickerView/Info.plist;
				LD_RUNPATH_SEARCH_PATHS = "$(inherited) @executable_path/Frameworks";
				PRODUCT_BUNDLE_IDENTIFIER = com.zuoshuhong.ZPickerView;
				PRODUCT_NAME = "$(TARGET_NAME)";
				SWIFT_VERSION = 3.0;
			};
			name = Debug;
		};
		8E413D031E9CAEE3008CCD08 /* Release */ = {
			isa = XCBuildConfiguration;
			buildSettings = {
				ASSETCATALOG_COMPILER_APPICON_NAME = AppIcon;
				INFOPLIST_FILE = ZPickerView/Info.plist;
				LD_RUNPATH_SEARCH_PATHS = "$(inherited) @executable_path/Frameworks";
				PRODUCT_BUNDLE_IDENTIFIER = com.zuoshuhong.ZPickerView;
				PRODUCT_NAME = "$(TARGET_NAME)";
				SWIFT_VERSION = 3.0;
			};
			name = Release;
		};
		8E413D051E9CAEE3008CCD08 /* Debug */ = {
			isa = XCBuildConfiguration;
			buildSettings = {
				ALWAYS_EMBED_SWIFT_STANDARD_LIBRARIES = YES;
				BUNDLE_LOADER = "$(TEST_HOST)";
				INFOPLIST_FILE = ZPickerViewTests/Info.plist;
				LD_RUNPATH_SEARCH_PATHS = "$(inherited) @executable_path/Frameworks @loader_path/Frameworks";
				PRODUCT_BUNDLE_IDENTIFIER = com.zuoshuhong.ZPickerViewTests;
				PRODUCT_NAME = "$(TARGET_NAME)";
				SWIFT_VERSION = 3.0;
				TEST_HOST = "$(BUILT_PRODUCTS_DIR)/ZPickerView.app/ZPickerView";
			};
			name = Debug;
		};
		8E413D061E9CAEE3008CCD08 /* Release */ = {
			isa = XCBuildConfiguration;
			buildSettings = {
				ALWAYS_EMBED_SWIFT_STANDARD_LIBRARIES = YES;
				BUNDLE_LOADER = "$(TEST_HOST)";
				INFOPLIST_FILE = ZPickerViewTests/Info.plist;
				LD_RUNPATH_SEARCH_PATHS = "$(inherited) @executable_path/Frameworks @loader_path/Frameworks";
				PRODUCT_BUNDLE_IDENTIFIER = com.zuoshuhong.ZPickerViewTests;
				PRODUCT_NAME = "$(TARGET_NAME)";
				SWIFT_VERSION = 3.0;
				TEST_HOST = "$(BUILT_PRODUCTS_DIR)/ZPickerView.app/ZPickerView";
			};
			name = Release;
		};
		8E413D081E9CAEE3008CCD08 /* Debug */ = {
			isa = XCBuildConfiguration;
			buildSettings = {
				ALWAYS_EMBED_SWIFT_STANDARD_LIBRARIES = YES;
				INFOPLIST_FILE = ZPickerViewUITests/Info.plist;
				LD_RUNPATH_SEARCH_PATHS = "$(inherited) @executable_path/Frameworks @loader_path/Frameworks";
				PRODUCT_BUNDLE_IDENTIFIER = com.zuoshuhong.ZPickerViewUITests;
				PRODUCT_NAME = "$(TARGET_NAME)";
				SWIFT_VERSION = 3.0;
				TEST_TARGET_NAME = ZPickerView;
			};
			name = Debug;
		};
		8E413D091E9CAEE3008CCD08 /* Release */ = {
			isa = XCBuildConfiguration;
			buildSettings = {
				ALWAYS_EMBED_SWIFT_STANDARD_LIBRARIES = YES;
				INFOPLIST_FILE = ZPickerViewUITests/Info.plist;
				LD_RUNPATH_SEARCH_PATHS = "$(inherited) @executable_path/Frameworks @loader_path/Frameworks";
				PRODUCT_BUNDLE_IDENTIFIER = com.zuoshuhong.ZPickerViewUITests;
				PRODUCT_NAME = "$(TARGET_NAME)";
				SWIFT_VERSION = 3.0;
				TEST_TARGET_NAME = ZPickerView;
			};
			name = Release;
		};
/* End XCBuildConfiguration section */

/* Begin XCConfigurationList section */
		8E413CD41E9CAEE3008CCD08 /* Build configuration list for PBXProject "ZPickerView" */ = {
			isa = XCConfigurationList;
			buildConfigurations = (
				8E413CFF1E9CAEE3008CCD08 /* Debug */,
				8E413D001E9CAEE3008CCD08 /* Release */,
			);
			defaultConfigurationIsVisible = 0;
			defaultConfigurationName = Release;
		};
		8E413D011E9CAEE3008CCD08 /* Build configuration list for PBXNativeTarget "ZPickerView" */ = {
			isa = XCConfigurationList;
			buildConfigurations = (
				8E413D021E9CAEE3008CCD08 /* Debug */,
				8E413D031E9CAEE3008CCD08 /* Release */,
			);
			defaultConfigurationIsVisible = 0;
		};
		8E413D041E9CAEE3008CCD08 /* Build configuration list for PBXNativeTarget "ZPickerViewTests" */ = {
			isa = XCConfigurationList;
			buildConfigurations = (
				8E413D051E9CAEE3008CCD08 /* Debug */,
				8E413D061E9CAEE3008CCD08 /* Release */,
			);
			defaultConfigurationIsVisible = 0;
		};
		8E413D071E9CAEE3008CCD08 /* Build configuration list for PBXNativeTarget "ZPickerViewUITests" */ = {
			isa = XCConfigurationList;
			buildConfigurations = (
				8E413D081E9CAEE3008CCD08 /* Debug */,
				8E413D091E9CAEE3008CCD08 /* Release */,
			);
			defaultConfigurationIsVisible = 0;
		};
/* End XCConfigurationList section */
	};
	rootObject = 8E413CD11E9CAEE3008CCD08 /* Project object */;
}
