// !$*UTF8*$!
{
	archiveVersion = 1;
	classes = {
	};
	objectVersion = 46;
	objects = {

/* Begin PBXBuildFile section */
		8E8D96D51E8E246E00D665E5 /* AppDelegate.swift in Sources */ = {isa = PBXBuildFile; fileRef = 8E8D96D41E8E246E00D665E5 /* AppDelegate.swift */; };
		8E8D96D71E8E246E00D665E5 /* ViewController.swift in Sources */ = {isa = PBXBuildFile; fileRef = 8E8D96D61E8E246E00D665E5 /* ViewController.swift */; };
		8E8D96DA1E8E246F00D665E5 /* Main.storyboard in Resources */ = {isa = PBXBuildFile; fileRef = 8E8D96D81E8E246F00D665E5 /* Main.storyboard */; };
		8E8D96DC1E8E246F00D665E5 /* Assets.xcassets in Resources */ = {isa = PBXBuildFile; fileRef = 8E8D96DB1E8E246F00D665E5 /* Assets.xcassets */; };
		8E8D96DF1E8E246F00D665E5 /* LaunchScreen.storyboard in Resources */ = {isa = PBXBuildFile; fileRef = 8E8D96DD1E8E246F00D665E5 /* LaunchScreen.storyboard */; };
		8E8D96EA1E8E246F00D665E5 /* ZMenuDropViewTests.swift in Sources */ = {isa = PBXBuildFile; fileRef = 8E8D96E91E8E246F00D665E5 /* ZMenuDropViewTests.swift */; };
		8E8D96F51E8E246F00D665E5 /* ZMenuDropViewUITests.swift in Sources */ = {isa = PBXBuildFile; fileRef = 8E8D96F41E8E246F00D665E5 /* ZMenuDropViewUITests.swift */; };
		8E8D97031E8E24DB00D665E5 /* CommonView.swift in Sources */ = {isa = PBXBuildFile; fileRef = 8E8D97021E8E24DB00D665E5 /* CommonView.swift */; };
		8E8D97051E8E377900D665E5 /* up.png in Resources */ = {isa = PBXBuildFile; fileRef = 8E8D97041E8E377900D665E5 /* up.png */; };
/* End PBXBuildFile section */

/* Begin PBXContainerItemProxy section */
		8E8D96E61E8E246F00D665E5 /* PBXContainerItemProxy */ = {
			isa = PBXContainerItemProxy;
			containerPortal = 8E8D96C91E8E246E00D665E5 /* Project object */;
			proxyType = 1;
			remoteGlobalIDString = 8E8D96D01E8E246E00D665E5;
			remoteInfo = ZMenuDropView;
		};
		8E8D96F11E8E246F00D665E5 /* PBXContainerItemProxy */ = {
			isa = PBXContainerItemProxy;
			containerPortal = 8E8D96C91E8E246E00D665E5 /* Project object */;
			proxyType = 1;
			remoteGlobalIDString = 8E8D96D01E8E246E00D665E5;
			remoteInfo = ZMenuDropView;
		};
/* End PBXContainerItemProxy section */

/* Begin PBXFileReference section */
		8E8D96D11E8E246E00D665E5 /* ZMenuDropView.app */ = {isa = PBXFileReference; explicitFileType = wrapper.application; includeInIndex = 0; path = ZMenuDropView.app; sourceTree = BUILT_PRODUCTS_DIR; };
		8E8D96D41E8E246E00D665E5 /* AppDelegate.swift */ = {isa = PBXFileReference; lastKnownFileType = sourcecode.swift; path = AppDelegate.swift; sourceTree = "<group>"; };
		8E8D96D61E8E246E00D665E5 /* ViewController.swift */ = {isa = PBXFileReference; lastKnownFileType = sourcecode.swift; path = ViewController.swift; sourceTree = "<group>"; };
		8E8D96D91E8E246F00D665E5 /* Base */ = {isa = PBXFileReference; lastKnownFileType = file.storyboard; name = Base; path = Base.lproj/Main.storyboard; sourceTree = "<group>"; };
		8E8D96DB1E8E246F00D665E5 /* Assets.xcassets */ = {isa = PBXFileReference; lastKnownFileType = folder.assetcatalog; path = Assets.xcassets; sourceTree = "<group>"; };
		8E8D96DE1E8E246F00D665E5 /* Base */ = {isa = PBXFileReference; lastKnownFileType = file.storyboard; name = Base; path = Base.lproj/LaunchScreen.storyboard; sourceTree = "<group>"; };
		8E8D96E01E8E246F00D665E5 /* Info.plist */ = {isa = PBXFileReference; lastKnownFileType = text.plist.xml; path = Info.plist; sourceTree = "<group>"; };
		8E8D96E51E8E246F00D665E5 /* ZMenuDropViewTests.xctest */ = {isa = PBXFileReference; explicitFileType = wrapper.cfbundle; includeInIndex = 0; path = ZMenuDropViewTests.xctest; sourceTree = BUILT_PRODUCTS_DIR; };
		8E8D96E91E8E246F00D665E5 /* ZMenuDropViewTests.swift */ = {isa = PBXFileReference; lastKnownFileType = sourcecode.swift; path = ZMenuDropViewTests.swift; sourceTree = "<group>"; };
		8E8D96EB1E8E246F00D665E5 /* Info.plist */ = {isa = PBXFileReference; lastKnownFileType = text.plist.xml; path = Info.plist; sourceTree = "<group>"; };
		8E8D96F01E8E246F00D665E5 /* ZMenuDropViewUITests.xctest */ = {isa = PBXFileReference; explicitFileType = wrapper.cfbundle; includeInIndex = 0; path = ZMenuDropViewUITests.xctest; sourceTree = BUILT_PRODUCTS_DIR; };
		8E8D96F41E8E246F00D665E5 /* ZMenuDropViewUITests.swift */ = {isa = PBXFileReference; lastKnownFileType = sourcecode.swift; path = ZMenuDropViewUITests.swift; sourceTree = "<group>"; };
		8E8D96F61E8E246F00D665E5 /* Info.plist */ = {isa = PBXFileReference; lastKnownFileType = text.plist.xml; path = Info.plist; sourceTree = "<group>"; };
		8E8D97021E8E24DB00D665E5 /* CommonView.swift */ = {isa = PBXFileReference; fileEncoding = 4; lastKnownFileType = sourcecode.swift; path = CommonView.swift; sourceTree = "<group>"; };
		8E8D97041E8E377900D665E5 /* up.png */ = {isa = PBXFileReference; lastKnownFileType = image.png; path = up.png; sourceTree = "<group>"; };
/* End PBXFileReference section */

/* Begin PBXFrameworksBuildPhase section */
		8E8D96CE1E8E246E00D665E5 /* Frameworks */ = {
			isa = PBXFrameworksBuildPhase;
			buildActionMask = 2147483647;
			files = (
			);
			runOnlyForDeploymentPostprocessing = 0;
		};
		8E8D96E21E8E246F00D665E5 /* Frameworks */ = {
			isa = PBXFrameworksBuildPhase;
			buildActionMask = 2147483647;
			files = (
			);
			runOnlyForDeploymentPostprocessing = 0;
		};
		8E8D96ED1E8E246F00D665E5 /* Frameworks */ = {
			isa = PBXFrameworksBuildPhase;
			buildActionMask = 2147483647;
			files = (
			);
			runOnlyForDeploymentPostprocessing = 0;
		};
/* End PBXFrameworksBuildPhase section */

/* Begin PBXGroup section */
		8E8D96C81E8E246E00D665E5 = {
			isa = PBXGroup;
			children = (
				8E8D96D31E8E246E00D665E5 /* ZMenuDropView */,
				8E8D96E81E8E246F00D665E5 /* ZMenuDropViewTests */,
				8E8D96F31E8E246F00D665E5 /* ZMenuDropViewUITests */,
				8E8D96D21E8E246E00D665E5 /* Products */,
			);
			sourceTree = "<group>";
		};
		8E8D96D21E8E246E00D665E5 /* Products */ = {
			isa = PBXGroup;
			children = (
				8E8D96D11E8E246E00D665E5 /* ZMenuDropView.app */,
				8E8D96E51E8E246F00D665E5 /* ZMenuDropViewTests.xctest */,
				8E8D96F01E8E246F00D665E5 /* ZMenuDropViewUITests.xctest */,
			);
			name = Products;
			sourceTree = "<group>";
		};
		8E8D96D31E8E246E00D665E5 /* ZMenuDropView */ = {
			isa = PBXGroup;
			children = (
				8E8D96D41E8E246E00D665E5 /* AppDelegate.swift */,
				8E8D96D61E8E246E00D665E5 /* ViewController.swift */,
				8E8D97021E8E24DB00D665E5 /* CommonView.swift */,
				8E8D97041E8E377900D665E5 /* up.png */,
				8E8D96D81E8E246F00D665E5 /* Main.storyboard */,
				8E8D96DB1E8E246F00D665E5 /* Assets.xcassets */,
				8E8D96DD1E8E246F00D665E5 /* LaunchScreen.storyboard */,
				8E8D96E01E8E246F00D665E5 /* Info.plist */,
			);
			path = ZMenuDropView;
			sourceTree = "<group>";
		};
		8E8D96E81E8E246F00D665E5 /* ZMenuDropViewTests */ = {
			isa = PBXGroup;
			children = (
				8E8D96E91E8E246F00D665E5 /* ZMenuDropViewTests.swift */,
				8E8D96EB1E8E246F00D665E5 /* Info.plist */,
			);
			path = ZMenuDropViewTests;
			sourceTree = "<group>";
		};
		8E8D96F31E8E246F00D665E5 /* ZMenuDropViewUITests */ = {
			isa = PBXGroup;
			children = (
				8E8D96F41E8E246F00D665E5 /* ZMenuDropViewUITests.swift */,
				8E8D96F61E8E246F00D665E5 /* Info.plist */,
			);
			path = ZMenuDropViewUITests;
			sourceTree = "<group>";
		};
/* End PBXGroup section */

/* Begin PBXNativeTarget section */
		8E8D96D01E8E246E00D665E5 /* ZMenuDropView */ = {
			isa = PBXNativeTarget;
			buildConfigurationList = 8E8D96F91E8E246F00D665E5 /* Build configuration list for PBXNativeTarget "ZMenuDropView" */;
			buildPhases = (
				8E8D96CD1E8E246E00D665E5 /* Sources */,
				8E8D96CE1E8E246E00D665E5 /* Frameworks */,
				8E8D96CF1E8E246E00D665E5 /* Resources */,
			);
			buildRules = (
			);
			dependencies = (
			);
			name = ZMenuDropView;
			productName = ZMenuDropView;
			productReference = 8E8D96D11E8E246E00D665E5 /* ZMenuDropView.app */;
			productType = "com.apple.product-type.application";
		};
		8E8D96E41E8E246F00D665E5 /* ZMenuDropViewTests */ = {
			isa = PBXNativeTarget;
			buildConfigurationList = 8E8D96FC1E8E246F00D665E5 /* Build configuration list for PBXNativeTarget "ZMenuDropViewTests" */;
			buildPhases = (
				8E8D96E11E8E246F00D665E5 /* Sources */,
				8E8D96E21E8E246F00D665E5 /* Frameworks */,
				8E8D96E31E8E246F00D665E5 /* Resources */,
			);
			buildRules = (
			);
			dependencies = (
				8E8D96E71E8E246F00D665E5 /* PBXTargetDependency */,
			);
			name = ZMenuDropViewTests;
			productName = ZMenuDropViewTests;
			productReference = 8E8D96E51E8E246F00D665E5 /* ZMenuDropViewTests.xctest */;
			productType = "com.apple.product-type.bundle.unit-test";
		};
		8E8D96EF1E8E246F00D665E5 /* ZMenuDropViewUITests */ = {
			isa = PBXNativeTarget;
			buildConfigurationList = 8E8D96FF1E8E246F00D665E5 /* Build configuration list for PBXNativeTarget "ZMenuDropViewUITests" */;
			buildPhases = (
				8E8D96EC1E8E246F00D665E5 /* Sources */,
				8E8D96ED1E8E246F00D665E5 /* Frameworks */,
				8E8D96EE1E8E246F00D665E5 /* Resources */,
			);
			buildRules = (
			);
			dependencies = (
				8E8D96F21E8E246F00D665E5 /* PBXTargetDependency */,
			);
			name = ZMenuDropViewUITests;
			productName = ZMenuDropViewUITests;
			productReference = 8E8D96F01E8E246F00D665E5 /* ZMenuDropViewUITests.xctest */;
			productType = "com.apple.product-type.bundle.ui-testing";
		};
/* End PBXNativeTarget section */

/* Begin PBXProject section */
		8E8D96C91E8E246E00D665E5 /* Project object */ = {
			isa = PBXProject;
			attributes = {
				LastSwiftUpdateCheck = 0830;
				LastUpgradeCheck = 0830;
				ORGANIZATIONNAME = admin;
				TargetAttributes = {
					8E8D96D01E8E246E00D665E5 = {
						CreatedOnToolsVersion = 8.3;
						ProvisioningStyle = Automatic;
					};
					8E8D96E41E8E246F00D665E5 = {
						CreatedOnToolsVersion = 8.3;
						ProvisioningStyle = Automatic;
						TestTargetID = 8E8D96D01E8E246E00D665E5;
					};
					8E8D96EF1E8E246F00D665E5 = {
						CreatedOnToolsVersion = 8.3;
						ProvisioningStyle = Automatic;
						TestTargetID = 8E8D96D01E8E246E00D665E5;
					};
				};
			};
			buildConfigurationList = 8E8D96CC1E8E246E00D665E5 /* Build configuration list for PBXProject "ZMenuDropView" */;
			compatibilityVersion = "Xcode 3.2";
			developmentRegion = English;
			hasScannedForEncodings = 0;
			knownRegions = (
				en,
				Base,
			);
			mainGroup = 8E8D96C81E8E246E00D665E5;
			productRefGroup = 8E8D96D21E8E246E00D665E5 /* Products */;
			projectDirPath = "";
			projectRoot = "";
			targets = (
				8E8D96D01E8E246E00D665E5 /* ZMenuDropView */,
				8E8D96E41E8E246F00D665E5 /* ZMenuDropViewTests */,
				8E8D96EF1E8E246F00D665E5 /* ZMenuDropViewUITests */,
			);
		};
/* End PBXProject section */

/* Begin PBXResourcesBuildPhase section */
		8E8D96CF1E8E246E00D665E5 /* Resources */ = {
			isa = PBXResourcesBuildPhase;
			buildActionMask = 2147483647;
			files = (
				8E8D96DF1E8E246F00D665E5 /* LaunchScreen.storyboard in Resources */,
				8E8D96DC1E8E246F00D665E5 /* Assets.xcassets in Resources */,
				8E8D97051E8E377900D665E5 /* up.png in Resources */,
				8E8D96DA1E8E246F00D665E5 /* Main.storyboard in Resources */,
			);
			runOnlyForDeploymentPostprocessing = 0;
		};
		8E8D96E31E8E246F00D665E5 /* Resources */ = {
			isa = PBXResourcesBuildPhase;
			buildActionMask = 2147483647;
			files = (
			);
			runOnlyForDeploymentPostprocessing = 0;
		};
		8E8D96EE1E8E246F00D665E5 /* Resources */ = {
			isa = PBXResourcesBuildPhase;
			buildActionMask = 2147483647;
			files = (
			);
			runOnlyForDeploymentPostprocessing = 0;
		};
/* End PBXResourcesBuildPhase section */

/* Begin PBXSourcesBuildPhase section */
		8E8D96CD1E8E246E00D665E5 /* Sources */ = {
			isa = PBXSourcesBuildPhase;
			buildActionMask = 2147483647;
			files = (
				8E8D96D71E8E246E00D665E5 /* ViewController.swift in Sources */,
				8E8D96D51E8E246E00D665E5 /* AppDelegate.swift in Sources */,
				8E8D97031E8E24DB00D665E5 /* CommonView.swift in Sources */,
			);
			runOnlyForDeploymentPostprocessing = 0;
		};
		8E8D96E11E8E246F00D665E5 /* Sources */ = {
			isa = PBXSourcesBuildPhase;
			buildActionMask = 2147483647;
			files = (
				8E8D96EA1E8E246F00D665E5 /* ZMenuDropViewTests.swift in Sources */,
			);
			runOnlyForDeploymentPostprocessing = 0;
		};
		8E8D96EC1E8E246F00D665E5 /* Sources */ = {
			isa = PBXSourcesBuildPhase;
			buildActionMask = 2147483647;
			files = (
				8E8D96F51E8E246F00D665E5 /* ZMenuDropViewUITests.swift in Sources */,
			);
			runOnlyForDeploymentPostprocessing = 0;
		};
/* End PBXSourcesBuildPhase section */

/* Begin PBXTargetDependency section */
		8E8D96E71E8E246F00D665E5 /* PBXTargetDependency */ = {
			isa = PBXTargetDependency;
			target = 8E8D96D01E8E246E00D665E5 /* ZMenuDropView */;
			targetProxy = 8E8D96E61E8E246F00D665E5 /* PBXContainerItemProxy */;
		};
		8E8D96F21E8E246F00D665E5 /* PBXTargetDependency */ = {
			isa = PBXTargetDependency;
			target = 8E8D96D01E8E246E00D665E5 /* ZMenuDropView */;
			targetProxy = 8E8D96F11E8E246F00D665E5 /* PBXContainerItemProxy */;
		};
/* End PBXTargetDependency section */

/* Begin PBXVariantGroup section */
		8E8D96D81E8E246F00D665E5 /* Main.storyboard */ = {
			isa = PBXVariantGroup;
			children = (
				8E8D96D91E8E246F00D665E5 /* Base */,
			);
			name = Main.storyboard;
			sourceTree = "<group>";
		};
		8E8D96DD1E8E246F00D665E5 /* LaunchScreen.storyboard */ = {
			isa = PBXVariantGroup;
			children = (
				8E8D96DE1E8E246F00D665E5 /* Base */,
			);
			name = LaunchScreen.storyboard;
			sourceTree = "<group>";
		};
/* End PBXVariantGroup section */

/* Begin XCBuildConfiguration section */
		8E8D96F71E8E246F00D665E5 /* Debug */ = {
			isa = XCBuildConfiguration;
			buildSettings = {
				ALWAYS_SEARCH_USER_PATHS = NO;
				CLANG_ANALYZER_NONNULL = YES;
				CLANG_ANALYZER_NUMBER_OBJECT_CONVERSION = YES_AGGRESSIVE;
				CLANG_CXX_LANGUAGE_STANDARD = "gnu++0x";
				CLANG_CXX_LIBRARY = "libc++";
				CLANG_ENABLE_MODULES = YES;
				CLANG_ENABLE_OBJC_ARC = YES;
				CLANG_WARN_BOOL_CONVERSION = YES;
				CLANG_WARN_CONSTANT_CONVERSION = YES;
				CLANG_WARN_DIRECT_OBJC_ISA_USAGE = YES_ERROR;
				CLANG_WARN_DOCUMENTATION_COMMENTS = YES;
				CLANG_WARN_EMPTY_BODY = YES;
				CLANG_WARN_ENUM_CONVERSION = YES;
				CLANG_WARN_INFINITE_RECURSION = YES;
				CLANG_WARN_INT_CONVERSION = YES;
				CLANG_WARN_OBJC_ROOT_CLASS = YES_ERROR;
				CLANG_WARN_SUSPICIOUS_MOVE = YES;
				CLANG_WARN_UNREACHABLE_CODE = YES;
				CLANG_WARN__DUPLICATE_METHOD_MATCH = YES;
				"CODE_SIGN_IDENTITY[sdk=iphoneos*]" = "iPhone Developer";
				COPY_PHASE_STRIP = NO;
				DEBUG_INFORMATION_FORMAT = dwarf;
				ENABLE_STRICT_OBJC_MSGSEND = YES;
				ENABLE_TESTABILITY = YES;
				GCC_C_LANGUAGE_STANDARD = gnu99;
				GCC_DYNAMIC_NO_PIC = NO;
				GCC_NO_COMMON_BLOCKS = YES;
				GCC_OPTIMIZATION_LEVEL = 0;
				GCC_PREPROCESSOR_DEFINITIONS = (
					"DEBUG=1",
					"$(inherited)",
				);
				GCC_WARN_64_TO_32_BIT_CONVERSION = YES;
				GCC_WARN_ABOUT_RETURN_TYPE = YES_ERROR;
				GCC_WARN_UNDECLARED_SELECTOR = YES;
				GCC_WARN_UNINITIALIZED_AUTOS = YES_AGGRESSIVE;
				GCC_WARN_UNUSED_FUNCTION = YES;
				GCC_WARN_UNUSED_VARIABLE = YES;
				IPHONEOS_DEPLOYMENT_TARGET = 10.3;
				MTL_ENABLE_DEBUG_INFO = YES;
				ONLY_ACTIVE_ARCH = YES;
				SDKROOT = iphoneos;
				SWIFT_ACTIVE_COMPILATION_CONDITIONS = DEBUG;
				SWIFT_OPTIMIZATION_LEVEL = "-Onone";
				TARGETED_DEVICE_FAMILY = "1,2";
			};
			name = Debug;
		};
		8E8D96F81E8E246F00D665E5 /* Release */ = {
			isa = XCBuildConfiguration;
			buildSettings = {
				ALWAYS_SEARCH_USER_PATHS = NO;
				CLANG_ANALYZER_NONNULL = YES;
				CLANG_ANALYZER_NUMBER_OBJECT_CONVERSION = YES_AGGRESSIVE;
				CLANG_CXX_LANGUAGE_STANDARD = "gnu++0x";
				CLANG_CXX_LIBRARY = "libc++";
				CLANG_ENABLE_MODULES = YES;
				CLANG_ENABLE_OBJC_ARC = YES;
				CLANG_WARN_BOOL_CONVERSION = YES;
				CLANG_WARN_CONSTANT_CONVERSION = YES;
				CLANG_WARN_DIRECT_OBJC_ISA_USAGE = YES_ERROR;
				CLANG_WARN_DOCUMENTATION_COMMENTS = YES;
				CLANG_WARN_EMPTY_BODY = YES;
				CLANG_WARN_ENUM_CONVERSION = YES;
				CLANG_WARN_INFINITE_RECURSION = YES;
				CLANG_WARN_INT_CONVERSION = YES;
				CLANG_WARN_OBJC_ROOT_CLASS = YES_ERROR;
				CLANG_WARN_SUSPICIOUS_MOVE = YES;
				CLANG_WARN_UNREACHABLE_CODE = YES;
				CLANG_WARN__DUPLICATE_METHOD_MATCH = YES;
				"CODE_SIGN_IDENTITY[sdk=iphoneos*]" = "iPhone Developer";
				COPY_PHASE_STRIP = NO;
				DEBUG_INFORMATION_FORMAT = "dwarf-with-dsym";
				ENABLE_NS_ASSERTIONS = NO;
				ENABLE_STRICT_OBJC_MSGSEND = YES;
				GCC_C_LANGUAGE_STANDARD = gnu99;
				GCC_NO_COMMON_BLOCKS = YES;
				GCC_WARN_64_TO_32_BIT_CONVERSION = YES;
				GCC_WARN_ABOUT_RETURN_TYPE = YES_ERROR;
				GCC_WARN_UNDECLARED_SELECTOR = YES;
				GCC_WARN_UNINITIALIZED_AUTOS = YES_AGGRESSIVE;
				GCC_WARN_UNUSED_FUNCTION = YES;
				GCC_WARN_UNUSED_VARIABLE = YES;
				IPHONEOS_DEPLOYMENT_TARGET = 10.3;
				MTL_ENABLE_DEBUG_INFO = NO;
				SDKROOT = iphoneos;
				SWIFT_OPTIMIZATION_LEVEL = "-Owholemodule";
				TARGETED_DEVICE_FAMILY = "1,2";
				VALIDATE_PRODUCT = YES;
			};
			name = Release;
		};
		8E8D96FA1E8E246F00D665E5 /* Debug */ = {
			isa = XCBuildConfiguration;
			buildSettings = {
				ASSETCATALOG_COMPILER_APPICON_NAME = AppIcon;
				INFOPLIST_FILE = ZMenuDropView/Info.plist;
				LD_RUNPATH_SEARCH_PATHS = "$(inherited) @executable_path/Frameworks";
				PRODUCT_BUNDLE_IDENTIFIER = com.zuoshuhong.ZMenuDropView;
				PRODUCT_NAME = "$(TARGET_NAME)";
				SWIFT_VERSION = 3.0;
			};
			name = Debug;
		};
		8E8D96FB1E8E246F00D665E5 /* Release */ = {
			isa = XCBuildConfiguration;
			buildSettings = {
				ASSETCATALOG_COMPILER_APPICON_NAME = AppIcon;
				INFOPLIST_FILE = ZMenuDropView/Info.plist;
				LD_RUNPATH_SEARCH_PATHS = "$(inherited) @executable_path/Frameworks";
				PRODUCT_BUNDLE_IDENTIFIER = com.zuoshuhong.ZMenuDropView;
				PRODUCT_NAME = "$(TARGET_NAME)";
				SWIFT_VERSION = 3.0;
			};
			name = Release;
		};
		8E8D96FD1E8E246F00D665E5 /* Debug */ = {
			isa = XCBuildConfiguration;
			buildSettings = {
				ALWAYS_EMBED_SWIFT_STANDARD_LIBRARIES = YES;
				BUNDLE_LOADER = "$(TEST_HOST)";
				INFOPLIST_FILE = ZMenuDropViewTests/Info.plist;
				LD_RUNPATH_SEARCH_PATHS = "$(inherited) @executable_path/Frameworks @loader_path/Frameworks";
				PRODUCT_BUNDLE_IDENTIFIER = com.zuoshuhong.ZMenuDropViewTests;
				PRODUCT_NAME = "$(TARGET_NAME)";
				SWIFT_VERSION = 3.0;
				TEST_HOST = "$(BUILT_PRODUCTS_DIR)/ZMenuDropView.app/ZMenuDropView";
			};
			name = Debug;
		};
		8E8D96FE1E8E246F00D665E5 /* Release */ = {
			isa = XCBuildConfiguration;
			buildSettings = {
				ALWAYS_EMBED_SWIFT_STANDARD_LIBRARIES = YES;
				BUNDLE_LOADER = "$(TEST_HOST)";
				INFOPLIST_FILE = ZMenuDropViewTests/Info.plist;
				LD_RUNPATH_SEARCH_PATHS = "$(inherited) @executable_path/Frameworks @loader_path/Frameworks";
				PRODUCT_BUNDLE_IDENTIFIER = com.zuoshuhong.ZMenuDropViewTests;
				PRODUCT_NAME = "$(TARGET_NAME)";
				SWIFT_VERSION = 3.0;
				TEST_HOST = "$(BUILT_PRODUCTS_DIR)/ZMenuDropView.app/ZMenuDropView";
			};
			name = Release;
		};
		8E8D97001E8E246F00D665E5 /* Debug */ = {
			isa = XCBuildConfiguration;
			buildSettings = {
				ALWAYS_EMBED_SWIFT_STANDARD_LIBRARIES = YES;
				INFOPLIST_FILE = ZMenuDropViewUITests/Info.plist;
				LD_RUNPATH_SEARCH_PATHS = "$(inherited) @executable_path/Frameworks @loader_path/Frameworks";
				PRODUCT_BUNDLE_IDENTIFIER = com.zuoshuhong.ZMenuDropViewUITests;
				PRODUCT_NAME = "$(TARGET_NAME)";
				SWIFT_VERSION = 3.0;
				TEST_TARGET_NAME = ZMenuDropView;
			};
			name = Debug;
		};
		8E8D97011E8E246F00D665E5 /* Release */ = {
			isa = XCBuildConfiguration;
			buildSettings = {
				ALWAYS_EMBED_SWIFT_STANDARD_LIBRARIES = YES;
				INFOPLIST_FILE = ZMenuDropViewUITests/Info.plist;
				LD_RUNPATH_SEARCH_PATHS = "$(inherited) @executable_path/Frameworks @loader_path/Frameworks";
				PRODUCT_BUNDLE_IDENTIFIER = com.zuoshuhong.ZMenuDropViewUITests;
				PRODUCT_NAME = "$(TARGET_NAME)";
				SWIFT_VERSION = 3.0;
				TEST_TARGET_NAME = ZMenuDropView;
			};
			name = Release;
		};
/* End XCBuildConfiguration section */

/* Begin XCConfigurationList section */
		8E8D96CC1E8E246E00D665E5 /* Build configuration list for PBXProject "ZMenuDropView" */ = {
			isa = XCConfigurationList;
			buildConfigurations = (
				8E8D96F71E8E246F00D665E5 /* Debug */,
				8E8D96F81E8E246F00D665E5 /* Release */,
			);
			defaultConfigurationIsVisible = 0;
			defaultConfigurationName = Release;
		};
		8E8D96F91E8E246F00D665E5 /* Build configuration list for PBXNativeTarget "ZMenuDropView" */ = {
			isa = XCConfigurationList;
			buildConfigurations = (
				8E8D96FA1E8E246F00D665E5 /* Debug */,
				8E8D96FB1E8E246F00D665E5 /* Release */,
			);
			defaultConfigurationIsVisible = 0;
		};
		8E8D96FC1E8E246F00D665E5 /* Build configuration list for PBXNativeTarget "ZMenuDropViewTests" */ = {
			isa = XCConfigurationList;
			buildConfigurations = (
				8E8D96FD1E8E246F00D665E5 /* Debug */,
				8E8D96FE1E8E246F00D665E5 /* Release */,
			);
			defaultConfigurationIsVisible = 0;
		};
		8E8D96FF1E8E246F00D665E5 /* Build configuration list for PBXNativeTarget "ZMenuDropViewUITests" */ = {
			isa = XCConfigurationList;
			buildConfigurations = (
				8E8D97001E8E246F00D665E5 /* Debug */,
				8E8D97011E8E246F00D665E5 /* Release */,
			);
			defaultConfigurationIsVisible = 0;
		};
/* End XCConfigurationList section */
	};
	rootObject = 8E8D96C91E8E246E00D665E5 /* Project object */;
}
